// !$*UTF8*$!
{
	archiveVersion = 1;
	classes = {
	};
	objectVersion = 48;
	objects = {

/* Begin PBXBuildFile section */
		017F3708201F4014001A9009 /* ServiceConfigTests.swift in Sources */ = {isa = PBXBuildFile; fileRef = 017F3707201F4014001A9009 /* ServiceConfigTests.swift */; };
		018FBE5620123AEE00E763A5 /* AppDelegate.swift in Sources */ = {isa = PBXBuildFile; fileRef = 018FBE5520123AEE00E763A5 /* AppDelegate.swift */; };
		018FBE5820123AEE00E763A5 /* HomeViewController.swift in Sources */ = {isa = PBXBuildFile; fileRef = 018FBE5720123AEE00E763A5 /* HomeViewController.swift */; };
		018FBE5B20123AEE00E763A5 /* Main.storyboard in Resources */ = {isa = PBXBuildFile; fileRef = 018FBE5920123AEE00E763A5 /* Main.storyboard */; };
		018FBE5D20123AEE00E763A5 /* Assets.xcassets in Resources */ = {isa = PBXBuildFile; fileRef = 018FBE5C20123AEE00E763A5 /* Assets.xcassets */; };
		018FBE6020123AEE00E763A5 /* LaunchScreen.storyboard in Resources */ = {isa = PBXBuildFile; fileRef = 018FBE5E20123AEE00E763A5 /* LaunchScreen.storyboard */; };
		018FBE6B20123AEE00E763A5 /* AeroGearSdkExampleTests.swift in Sources */ = {isa = PBXBuildFile; fileRef = 018FBE6A20123AEE00E763A5 /* AeroGearSdkExampleTests.swift */; };
		018FBE76201257F300E763A5 /* mobile-services.json in Resources */ = {isa = PBXBuildFile; fileRef = 018FBE75201257F300E763A5 /* mobile-services.json */; };
		018FBE77201257F300E763A5 /* mobile-services.json in Resources */ = {isa = PBXBuildFile; fileRef = 018FBE75201257F300E763A5 /* mobile-services.json */; };
		01928B8A201F202D0053EEB0 /* ConfigParserTests.swift in Sources */ = {isa = PBXBuildFile; fileRef = 6372266C9F61265244A81632 /* ConfigParserTests.swift */; };
		4436E282BDD390473AD840EE /* Pods_AeroGearSdkExampleTests.framework in Frameworks */ = {isa = PBXBuildFile; fileRef = 0126BB257CFC9A2A188E6B84 /* Pods_AeroGearSdkExampleTests.framework */; };
		8DB04C4CC96666E5C481162F /* Pods_AeroGearSdkExample.framework in Frameworks */ = {isa = PBXBuildFile; fileRef = D7E51B1D502165078E140C8B /* Pods_AeroGearSdkExample.framework */; };
		B352664D204437DE004BACC7 /* BaseViewController.swift in Sources */ = {isa = PBXBuildFile; fileRef = B352664B204437DE004BACC7 /* BaseViewController.swift */; };
		B352664E204437DE004BACC7 /* MenuViewController.swift in Sources */ = {isa = PBXBuildFile; fileRef = B352664C204437DE004BACC7 /* MenuViewController.swift */; };
		B3526650204438A2004BACC7 /* menu.storyboard in Resources */ = {isa = PBXBuildFile; fileRef = B352664F204438A2004BACC7 /* menu.storyboard */; };
		B352665220443D52004BACC7 /* RootViewController.swift in Sources */ = {isa = PBXBuildFile; fileRef = B352665120443D52004BACC7 /* RootViewController.swift */; };
		B35266552044AD9C004BACC7 /* home.storyboard in Resources */ = {isa = PBXBuildFile; fileRef = B35266542044AD9C004BACC7 /* home.storyboard */; };
		B35266582044AF17004BACC7 /* auth.storyboard in Resources */ = {isa = PBXBuildFile; fileRef = B35266572044AF17004BACC7 /* auth.storyboard */; };
		B352665A2044B1C1004BACC7 /* AuthViewController.swift in Sources */ = {isa = PBXBuildFile; fileRef = B35266592044B1C1004BACC7 /* AuthViewController.swift */; };
		B352665C2044BBCD004BACC7 /* AuthDetailsViewController.swift in Sources */ = {isa = PBXBuildFile; fileRef = B352665B2044BBCD004BACC7 /* AuthDetailsViewController.swift */; };
		B352665F20455FBC004BACC7 /* ViewHelper.swift in Sources */ = {isa = PBXBuildFile; fileRef = B352665E20455FBC004BACC7 /* ViewHelper.swift */; };
		B3AC1A83204815E000BEB12B /* AuthTests.swift in Sources */ = {isa = PBXBuildFile; fileRef = B3AC1A82204815E000BEB12B /* AuthTests.swift */; };
		B3AC1A862048184600BEB12B /* OIDCAuthenticatorTest.swift in Sources */ = {isa = PBXBuildFile; fileRef = B3AC1A852048184600BEB12B /* OIDCAuthenticatorTest.swift */; };
		B3AC1A89204825EC00BEB12B /* MockHttpRequest.swift in Sources */ = {isa = PBXBuildFile; fileRef = B3AC1A88204825EC00BEB12B /* MockHttpRequest.swift */; };
		B3AC1A8B2049951900BEB12B /* MobileServiceTest.swift in Sources */ = {isa = PBXBuildFile; fileRef = B3AC1A8A2049951900BEB12B /* MobileServiceTest.swift */; };
		B3AC1A8D2049E11900BEB12B /* UsersTests.swift in Sources */ = {isa = PBXBuildFile; fileRef = B3AC1A8C2049E11900BEB12B /* UsersTests.swift */; };
		EF85064F204D4B5C008033AD /* OIDCCredentialsTest.swift in Sources */ = {isa = PBXBuildFile; fileRef = EF85064E204D4B5C008033AD /* OIDCCredentialsTest.swift */; };
		EF850651204D6D45008033AD /* CredentialsManagerTest.swift in Sources */ = {isa = PBXBuildFile; fileRef = EF850650204D6D45008033AD /* CredentialsManagerTest.swift */; };
/* End PBXBuildFile section */

/* Begin PBXContainerItemProxy section */
		018FBE6720123AEE00E763A5 /* PBXContainerItemProxy */ = {
			isa = PBXContainerItemProxy;
			containerPortal = 018FBE4A20123AEE00E763A5 /* Project object */;
			proxyType = 1;
			remoteGlobalIDString = 018FBE5120123AEE00E763A5;
			remoteInfo = AeroGearSdkExample;
		};
/* End PBXContainerItemProxy section */

/* Begin PBXFileReference section */
		0126BB257CFC9A2A188E6B84 /* Pods_AeroGearSdkExampleTests.framework */ = {isa = PBXFileReference; explicitFileType = wrapper.framework; includeInIndex = 0; path = Pods_AeroGearSdkExampleTests.framework; sourceTree = BUILT_PRODUCTS_DIR; };
		017F3707201F4014001A9009 /* ServiceConfigTests.swift */ = {isa = PBXFileReference; fileEncoding = 4; lastKnownFileType = sourcecode.swift; path = ServiceConfigTests.swift; sourceTree = "<group>"; };
		018FBE5220123AEE00E763A5 /* AeroGearSdkExample.app */ = {isa = PBXFileReference; explicitFileType = wrapper.application; includeInIndex = 0; path = AeroGearSdkExample.app; sourceTree = BUILT_PRODUCTS_DIR; };
		018FBE5520123AEE00E763A5 /* AppDelegate.swift */ = {isa = PBXFileReference; lastKnownFileType = sourcecode.swift; path = AppDelegate.swift; sourceTree = "<group>"; };
		018FBE5720123AEE00E763A5 /* HomeViewController.swift */ = {isa = PBXFileReference; lastKnownFileType = sourcecode.swift; path = HomeViewController.swift; sourceTree = "<group>"; };
		018FBE5A20123AEE00E763A5 /* Base */ = {isa = PBXFileReference; lastKnownFileType = file.storyboard; name = Base; path = Base.lproj/Main.storyboard; sourceTree = "<group>"; };
		018FBE5C20123AEE00E763A5 /* Assets.xcassets */ = {isa = PBXFileReference; lastKnownFileType = folder.assetcatalog; path = Assets.xcassets; sourceTree = "<group>"; };
		018FBE5F20123AEE00E763A5 /* Base */ = {isa = PBXFileReference; lastKnownFileType = file.storyboard; name = Base; path = Base.lproj/LaunchScreen.storyboard; sourceTree = "<group>"; };
		018FBE6120123AEE00E763A5 /* Info.plist */ = {isa = PBXFileReference; lastKnownFileType = text.plist.xml; path = Info.plist; sourceTree = "<group>"; };
		018FBE6620123AEE00E763A5 /* AeroGearSdkExampleTests.xctest */ = {isa = PBXFileReference; explicitFileType = wrapper.cfbundle; includeInIndex = 0; path = AeroGearSdkExampleTests.xctest; sourceTree = BUILT_PRODUCTS_DIR; };
		018FBE6A20123AEE00E763A5 /* AeroGearSdkExampleTests.swift */ = {isa = PBXFileReference; lastKnownFileType = sourcecode.swift; path = AeroGearSdkExampleTests.swift; sourceTree = "<group>"; };
		018FBE6C20123AEE00E763A5 /* Info.plist */ = {isa = PBXFileReference; lastKnownFileType = text.plist.xml; path = Info.plist; sourceTree = "<group>"; };
		018FBE75201257F300E763A5 /* mobile-services.json */ = {isa = PBXFileReference; fileEncoding = 4; lastKnownFileType = text.json; path = "mobile-services.json"; sourceTree = "<group>"; };
		1E4CCBAD4A8932216C3DF790 /* Pods-AeroGearSdkExample.release.xcconfig */ = {isa = PBXFileReference; includeInIndex = 1; lastKnownFileType = text.xcconfig; name = "Pods-AeroGearSdkExample.release.xcconfig"; path = "Pods/Target Support Files/Pods-AeroGearSdkExample/Pods-AeroGearSdkExample.release.xcconfig"; sourceTree = "<group>"; };
		6372266C9F61265244A81632 /* ConfigParserTests.swift */ = {isa = PBXFileReference; fileEncoding = 4; lastKnownFileType = sourcecode.swift; path = ConfigParserTests.swift; sourceTree = "<group>"; };
		659F2A7D4D01A03C0143073E /* MetricsServiceTests.swift */ = {isa = PBXFileReference; fileEncoding = 4; lastKnownFileType = sourcecode.swift; path = MetricsServiceTests.swift; sourceTree = "<group>"; };
		744F18714F44DAF3A960E045 /* Pods-AeroGearSdkExample.debug.xcconfig */ = {isa = PBXFileReference; includeInIndex = 1; lastKnownFileType = text.xcconfig; name = "Pods-AeroGearSdkExample.debug.xcconfig"; path = "Pods/Target Support Files/Pods-AeroGearSdkExample/Pods-AeroGearSdkExample.debug.xcconfig"; sourceTree = "<group>"; };
		7FCEF41D5B3610C7EB6FB7CF /* Pods-AeroGearSdkExampleTests.debug.xcconfig */ = {isa = PBXFileReference; includeInIndex = 1; lastKnownFileType = text.xcconfig; name = "Pods-AeroGearSdkExampleTests.debug.xcconfig"; path = "Pods/Target Support Files/Pods-AeroGearSdkExampleTests/Pods-AeroGearSdkExampleTests.debug.xcconfig"; sourceTree = "<group>"; };
		B352664B204437DE004BACC7 /* BaseViewController.swift */ = {isa = PBXFileReference; fileEncoding = 4; lastKnownFileType = sourcecode.swift; path = BaseViewController.swift; sourceTree = "<group>"; };
		B352664C204437DE004BACC7 /* MenuViewController.swift */ = {isa = PBXFileReference; fileEncoding = 4; lastKnownFileType = sourcecode.swift; path = MenuViewController.swift; sourceTree = "<group>"; };
		B352664F204438A2004BACC7 /* menu.storyboard */ = {isa = PBXFileReference; lastKnownFileType = file.storyboard; path = menu.storyboard; sourceTree = "<group>"; };
		B352665120443D52004BACC7 /* RootViewController.swift */ = {isa = PBXFileReference; lastKnownFileType = sourcecode.swift; path = RootViewController.swift; sourceTree = "<group>"; };
		B35266542044AD9C004BACC7 /* home.storyboard */ = {isa = PBXFileReference; lastKnownFileType = file.storyboard; path = home.storyboard; sourceTree = "<group>"; };
		B35266572044AF17004BACC7 /* auth.storyboard */ = {isa = PBXFileReference; lastKnownFileType = file.storyboard; path = auth.storyboard; sourceTree = "<group>"; };
		B35266592044B1C1004BACC7 /* AuthViewController.swift */ = {isa = PBXFileReference; lastKnownFileType = sourcecode.swift; path = AuthViewController.swift; sourceTree = "<group>"; };
		B352665B2044BBCD004BACC7 /* AuthDetailsViewController.swift */ = {isa = PBXFileReference; lastKnownFileType = sourcecode.swift; path = AuthDetailsViewController.swift; sourceTree = "<group>"; };
		B352665E20455FBC004BACC7 /* ViewHelper.swift */ = {isa = PBXFileReference; lastKnownFileType = sourcecode.swift; path = ViewHelper.swift; sourceTree = "<group>"; };
		B3AC1A82204815E000BEB12B /* AuthTests.swift */ = {isa = PBXFileReference; fileEncoding = 4; lastKnownFileType = sourcecode.swift; path = AuthTests.swift; sourceTree = "<group>"; };
		B3AC1A852048184600BEB12B /* OIDCAuthenticatorTest.swift */ = {isa = PBXFileReference; lastKnownFileType = sourcecode.swift; path = OIDCAuthenticatorTest.swift; sourceTree = "<group>"; };
		B3AC1A88204825EC00BEB12B /* MockHttpRequest.swift */ = {isa = PBXFileReference; lastKnownFileType = sourcecode.swift; path = MockHttpRequest.swift; sourceTree = "<group>"; };
		B3AC1A8A2049951900BEB12B /* MobileServiceTest.swift */ = {isa = PBXFileReference; lastKnownFileType = sourcecode.swift; path = MobileServiceTest.swift; sourceTree = "<group>"; };
		B3AC1A8C2049E11900BEB12B /* UsersTests.swift */ = {isa = PBXFileReference; lastKnownFileType = sourcecode.swift; path = UsersTests.swift; sourceTree = "<group>"; };
		BF3FA3B26CCABCDADAC6AB94 /* Pods-AeroGearSdkExampleTests.release.xcconfig */ = {isa = PBXFileReference; includeInIndex = 1; lastKnownFileType = text.xcconfig; name = "Pods-AeroGearSdkExampleTests.release.xcconfig"; path = "Pods/Target Support Files/Pods-AeroGearSdkExampleTests/Pods-AeroGearSdkExampleTests.release.xcconfig"; sourceTree = "<group>"; };
		D7E51B1D502165078E140C8B /* Pods_AeroGearSdkExample.framework */ = {isa = PBXFileReference; explicitFileType = wrapper.framework; includeInIndex = 0; path = Pods_AeroGearSdkExample.framework; sourceTree = BUILT_PRODUCTS_DIR; };
		EF85064E204D4B5C008033AD /* OIDCCredentialsTest.swift */ = {isa = PBXFileReference; lastKnownFileType = sourcecode.swift; path = OIDCCredentialsTest.swift; sourceTree = "<group>"; };
		EF850650204D6D45008033AD /* CredentialsManagerTest.swift */ = {isa = PBXFileReference; lastKnownFileType = sourcecode.swift; path = CredentialsManagerTest.swift; sourceTree = "<group>"; };
/* End PBXFileReference section */

/* Begin PBXFrameworksBuildPhase section */
		018FBE4F20123AEE00E763A5 /* Frameworks */ = {
			isa = PBXFrameworksBuildPhase;
			buildActionMask = 2147483647;
			files = (
				8DB04C4CC96666E5C481162F /* Pods_AeroGearSdkExample.framework in Frameworks */,
			);
			runOnlyForDeploymentPostprocessing = 0;
		};
		018FBE6320123AEE00E763A5 /* Frameworks */ = {
			isa = PBXFrameworksBuildPhase;
			buildActionMask = 2147483647;
			files = (
				4436E282BDD390473AD840EE /* Pods_AeroGearSdkExampleTests.framework in Frameworks */,
			);
			runOnlyForDeploymentPostprocessing = 0;
		};
/* End PBXFrameworksBuildPhase section */

/* Begin PBXGroup section */
		018FBE4920123AEE00E763A5 = {
			isa = PBXGroup;
			children = (
				018FBE5420123AEE00E763A5 /* AeroGearSdkExample */,
				018FBE6920123AEE00E763A5 /* AeroGearSdkExampleTests */,
				018FBE5320123AEE00E763A5 /* Products */,
				73FD3EA9DB0E6E3866C5DE43 /* Pods */,
				842886903733018D9DBFACE5 /* Frameworks */,
			);
			sourceTree = "<group>";
		};
		018FBE5320123AEE00E763A5 /* Products */ = {
			isa = PBXGroup;
			children = (
				018FBE5220123AEE00E763A5 /* AeroGearSdkExample.app */,
				018FBE6620123AEE00E763A5 /* AeroGearSdkExampleTests.xctest */,
			);
			name = Products;
			sourceTree = "<group>";
		};
		018FBE5420123AEE00E763A5 /* AeroGearSdkExample */ = {
			isa = PBXGroup;
			children = (
				B352665D20455FAE004BACC7 /* helpers */,
				B35266562044AF07004BACC7 /* auth */,
				B35266532044AD85004BACC7 /* home */,
				B352664A204437DE004BACC7 /* menu */,
				018FBE75201257F300E763A5 /* mobile-services.json */,
				018FBE5520123AEE00E763A5 /* AppDelegate.swift */,
				018FBE5920123AEE00E763A5 /* Main.storyboard */,
				018FBE5C20123AEE00E763A5 /* Assets.xcassets */,
				018FBE5E20123AEE00E763A5 /* LaunchScreen.storyboard */,
				018FBE6120123AEE00E763A5 /* Info.plist */,
				B352665120443D52004BACC7 /* RootViewController.swift */,
			);
			path = AeroGearSdkExample;
			sourceTree = "<group>";
		};
		018FBE6920123AEE00E763A5 /* AeroGearSdkExampleTests */ = {
			isa = PBXGroup;
			children = (
				B3AC1A87204825DE00BEB12B /* mocks */,
				B3AC1A81204815E000BEB12B /* auth */,
				018FBE6A20123AEE00E763A5 /* AeroGearSdkExampleTests.swift */,
				018FBE6C20123AEE00E763A5 /* Info.plist */,
				63722015BF5E5190986AE905 /* core */,
			);
			path = AeroGearSdkExampleTests;
			sourceTree = "<group>";
		};
		63722015BF5E5190986AE905 /* core */ = {
			isa = PBXGroup;
			children = (
				017F3707201F4014001A9009 /* ServiceConfigTests.swift */,
				6372266C9F61265244A81632 /* ConfigParserTests.swift */,
				659F2A7D4D01A03C0143073E /* MetricsServiceTests.swift */,
				B3AC1A8A2049951900BEB12B /* MobileServiceTest.swift */,
			);
			path = core;
			sourceTree = "<group>";
		};
		73FD3EA9DB0E6E3866C5DE43 /* Pods */ = {
			isa = PBXGroup;
			children = (
				744F18714F44DAF3A960E045 /* Pods-AeroGearSdkExample.debug.xcconfig */,
				1E4CCBAD4A8932216C3DF790 /* Pods-AeroGearSdkExample.release.xcconfig */,
				7FCEF41D5B3610C7EB6FB7CF /* Pods-AeroGearSdkExampleTests.debug.xcconfig */,
				BF3FA3B26CCABCDADAC6AB94 /* Pods-AeroGearSdkExampleTests.release.xcconfig */,
			);
			name = Pods;
			sourceTree = "<group>";
		};
		842886903733018D9DBFACE5 /* Frameworks */ = {
			isa = PBXGroup;
			children = (
				D7E51B1D502165078E140C8B /* Pods_AeroGearSdkExample.framework */,
				0126BB257CFC9A2A188E6B84 /* Pods_AeroGearSdkExampleTests.framework */,
			);
			name = Frameworks;
			sourceTree = "<group>";
		};
		B352664A204437DE004BACC7 /* menu */ = {
			isa = PBXGroup;
			children = (
				B352664B204437DE004BACC7 /* BaseViewController.swift */,
				B352664C204437DE004BACC7 /* MenuViewController.swift */,
				B352664F204438A2004BACC7 /* menu.storyboard */,
			);
			path = menu;
			sourceTree = "<group>";
		};
		B35266532044AD85004BACC7 /* home */ = {
			isa = PBXGroup;
			children = (
				018FBE5720123AEE00E763A5 /* HomeViewController.swift */,
				B35266542044AD9C004BACC7 /* home.storyboard */,
			);
			path = home;
			sourceTree = "<group>";
		};
		B35266562044AF07004BACC7 /* auth */ = {
			isa = PBXGroup;
			children = (
				B35266572044AF17004BACC7 /* auth.storyboard */,
				B35266592044B1C1004BACC7 /* AuthViewController.swift */,
				B352665B2044BBCD004BACC7 /* AuthDetailsViewController.swift */,
			);
			path = auth;
			sourceTree = "<group>";
		};
		B352665D20455FAE004BACC7 /* helpers */ = {
			isa = PBXGroup;
			children = (
				B352665E20455FBC004BACC7 /* ViewHelper.swift */,
			);
			path = helpers;
			sourceTree = "<group>";
		};
		B3AC1A81204815E000BEB12B /* auth */ = {
			isa = PBXGroup;
			children = (
				EF85064D204D4B0A008033AD /* credentials */,
				B3AC1A84204815E700BEB12B /* authenticator */,
				B3AC1A82204815E000BEB12B /* AuthTests.swift */,
				B3AC1A8C2049E11900BEB12B /* UsersTests.swift */,
			);
			path = auth;
			sourceTree = "<group>";
		};
		B3AC1A84204815E700BEB12B /* authenticator */ = {
			isa = PBXGroup;
			children = (
				B3AC1A852048184600BEB12B /* OIDCAuthenticatorTest.swift */,
			);
			path = authenticator;
			sourceTree = "<group>";
		};
		B3AC1A87204825DE00BEB12B /* mocks */ = {
			isa = PBXGroup;
			children = (
				B3AC1A88204825EC00BEB12B /* MockHttpRequest.swift */,
			);
			path = mocks;
			sourceTree = "<group>";
		};
		EF85064D204D4B0A008033AD /* credentials */ = {
			isa = PBXGroup;
			children = (
				EF85064E204D4B5C008033AD /* OIDCCredentialsTest.swift */,
				EF850650204D6D45008033AD /* CredentialsManagerTest.swift */,
			);
			path = credentials;
			sourceTree = "<group>";
		};
/* End PBXGroup section */

/* Begin PBXNativeTarget section */
		018FBE5120123AEE00E763A5 /* AeroGearSdkExample */ = {
			isa = PBXNativeTarget;
			buildConfigurationList = 018FBE6F20123AEE00E763A5 /* Build configuration list for PBXNativeTarget "AeroGearSdkExample" */;
			buildPhases = (
				8EF84F6654BC56765EF987EB /* [CP] Check Pods Manifest.lock */,
				018FBE4E20123AEE00E763A5 /* Sources */,
				018FBE4F20123AEE00E763A5 /* Frameworks */,
				018FBE5020123AEE00E763A5 /* Resources */,
				393D636BB40B732A8218624F /* [CP] Embed Pods Frameworks */,
				64C56F2E49D34707F6447690 /* [CP] Copy Pods Resources */,
			);
			buildRules = (
			);
			dependencies = (
			);
			name = AeroGearSdkExample;
			productName = AeroGearSdkExample;
			productReference = 018FBE5220123AEE00E763A5 /* AeroGearSdkExample.app */;
			productType = "com.apple.product-type.application";
		};
		018FBE6520123AEE00E763A5 /* AeroGearSdkExampleTests */ = {
			isa = PBXNativeTarget;
			buildConfigurationList = 018FBE7220123AEE00E763A5 /* Build configuration list for PBXNativeTarget "AeroGearSdkExampleTests" */;
			buildPhases = (
				D05A36400CC1394A9FD6F463 /* [CP] Check Pods Manifest.lock */,
				018FBE6220123AEE00E763A5 /* Sources */,
				018FBE6320123AEE00E763A5 /* Frameworks */,
				018FBE6420123AEE00E763A5 /* Resources */,
				57D6FA75AE4C9A802B6691B9 /* [CP] Embed Pods Frameworks */,
				DBB741977125C11688F80EC3 /* [CP] Copy Pods Resources */,
			);
			buildRules = (
			);
			dependencies = (
				018FBE6820123AEE00E763A5 /* PBXTargetDependency */,
			);
			name = AeroGearSdkExampleTests;
			productName = AeroGearSdkExampleTests;
			productReference = 018FBE6620123AEE00E763A5 /* AeroGearSdkExampleTests.xctest */;
			productType = "com.apple.product-type.bundle.unit-test";
		};
/* End PBXNativeTarget section */

/* Begin PBXProject section */
		018FBE4A20123AEE00E763A5 /* Project object */ = {
			isa = PBXProject;
			attributes = {
				LastSwiftUpdateCheck = 0920;
				LastUpgradeCheck = 0920;
				ORGANIZATIONNAME = AeroGear;
				TargetAttributes = {
					018FBE5120123AEE00E763A5 = {
						CreatedOnToolsVersion = 9.2;
						ProvisioningStyle = Automatic;
						SystemCapabilities = {
							com.apple.Keychain = {
								enabled = 0;
							};
						};
					};
					018FBE6520123AEE00E763A5 = {
						CreatedOnToolsVersion = 9.2;
						ProvisioningStyle = Automatic;
						TestTargetID = 018FBE5120123AEE00E763A5;
					};
				};
			};
			buildConfigurationList = 018FBE4D20123AEE00E763A5 /* Build configuration list for PBXProject "AeroGearSdkExample" */;
			compatibilityVersion = "Xcode 8.0";
			developmentRegion = en;
			hasScannedForEncodings = 0;
			knownRegions = (
				en,
				Base,
			);
			mainGroup = 018FBE4920123AEE00E763A5;
			productRefGroup = 018FBE5320123AEE00E763A5 /* Products */;
			projectDirPath = "";
			projectRoot = "";
			targets = (
				018FBE5120123AEE00E763A5 /* AeroGearSdkExample */,
				018FBE6520123AEE00E763A5 /* AeroGearSdkExampleTests */,
			);
		};
/* End PBXProject section */

/* Begin PBXResourcesBuildPhase section */
		018FBE5020123AEE00E763A5 /* Resources */ = {
			isa = PBXResourcesBuildPhase;
			buildActionMask = 2147483647;
			files = (
				B35266582044AF17004BACC7 /* auth.storyboard in Resources */,
				018FBE6020123AEE00E763A5 /* LaunchScreen.storyboard in Resources */,
				B35266552044AD9C004BACC7 /* home.storyboard in Resources */,
				018FBE76201257F300E763A5 /* mobile-services.json in Resources */,
				018FBE5D20123AEE00E763A5 /* Assets.xcassets in Resources */,
				B3526650204438A2004BACC7 /* menu.storyboard in Resources */,
				018FBE5B20123AEE00E763A5 /* Main.storyboard in Resources */,
			);
			runOnlyForDeploymentPostprocessing = 0;
		};
		018FBE6420123AEE00E763A5 /* Resources */ = {
			isa = PBXResourcesBuildPhase;
			buildActionMask = 2147483647;
			files = (
				018FBE77201257F300E763A5 /* mobile-services.json in Resources */,
			);
			runOnlyForDeploymentPostprocessing = 0;
		};
/* End PBXResourcesBuildPhase section */

/* Begin PBXShellScriptBuildPhase section */
		393D636BB40B732A8218624F /* [CP] Embed Pods Frameworks */ = {
			isa = PBXShellScriptBuildPhase;
			buildActionMask = 2147483647;
			files = (
			);
			inputPaths = (
				"${SRCROOT}/Pods/Target Support Files/Pods-AeroGearSdkExample/Pods-AeroGearSdkExample-frameworks.sh",
				"${BUILT_PRODUCTS_DIR}/AGSAuth/AGSAuth.framework",
				"${BUILT_PRODUCTS_DIR}/AGSCore/AGSCore.framework",
				"${BUILT_PRODUCTS_DIR}/Alamofire/Alamofire.framework",
				"${BUILT_PRODUCTS_DIR}/AppAuth/AppAuth.framework",
				"${BUILT_PRODUCTS_DIR}/ObjcExceptionBridging/ObjcExceptionBridging.framework",
				"${BUILT_PRODUCTS_DIR}/SwiftKeychainWrapper/SwiftKeychainWrapper.framework",
				"${BUILT_PRODUCTS_DIR}/XCGLogger/XCGLogger.framework",
			);
			name = "[CP] Embed Pods Frameworks";
			outputPaths = (
				"${TARGET_BUILD_DIR}/${FRAMEWORKS_FOLDER_PATH}/AGSAuth.framework",
				"${TARGET_BUILD_DIR}/${FRAMEWORKS_FOLDER_PATH}/AGSCore.framework",
				"${TARGET_BUILD_DIR}/${FRAMEWORKS_FOLDER_PATH}/Alamofire.framework",
				"${TARGET_BUILD_DIR}/${FRAMEWORKS_FOLDER_PATH}/AppAuth.framework",
				"${TARGET_BUILD_DIR}/${FRAMEWORKS_FOLDER_PATH}/ObjcExceptionBridging.framework",
				"${TARGET_BUILD_DIR}/${FRAMEWORKS_FOLDER_PATH}/SwiftKeychainWrapper.framework",
				"${TARGET_BUILD_DIR}/${FRAMEWORKS_FOLDER_PATH}/XCGLogger.framework",
			);
			runOnlyForDeploymentPostprocessing = 0;
			shellPath = /bin/sh;
			shellScript = "\"${SRCROOT}/Pods/Target Support Files/Pods-AeroGearSdkExample/Pods-AeroGearSdkExample-frameworks.sh\"\n";
			showEnvVarsInLog = 0;
		};
		57D6FA75AE4C9A802B6691B9 /* [CP] Embed Pods Frameworks */ = {
			isa = PBXShellScriptBuildPhase;
			buildActionMask = 2147483647;
			files = (
			);
			inputPaths = (
			);
			name = "[CP] Embed Pods Frameworks";
			outputPaths = (
			);
			runOnlyForDeploymentPostprocessing = 0;
			shellPath = /bin/sh;
			shellScript = "\"${SRCROOT}/Pods/Target Support Files/Pods-AeroGearSdkExampleTests/Pods-AeroGearSdkExampleTests-frameworks.sh\"\n";
			showEnvVarsInLog = 0;
		};
		64C56F2E49D34707F6447690 /* [CP] Copy Pods Resources */ = {
			isa = PBXShellScriptBuildPhase;
			buildActionMask = 2147483647;
			files = (
			);
			inputPaths = (
			);
			name = "[CP] Copy Pods Resources";
			outputPaths = (
			);
			runOnlyForDeploymentPostprocessing = 0;
			shellPath = /bin/sh;
			shellScript = "\"${SRCROOT}/Pods/Target Support Files/Pods-AeroGearSdkExample/Pods-AeroGearSdkExample-resources.sh\"\n";
			showEnvVarsInLog = 0;
		};
		8EF84F6654BC56765EF987EB /* [CP] Check Pods Manifest.lock */ = {
			isa = PBXShellScriptBuildPhase;
			buildActionMask = 2147483647;
			files = (
			);
			inputPaths = (
				"${PODS_PODFILE_DIR_PATH}/Podfile.lock",
				"${PODS_ROOT}/Manifest.lock",
			);
			name = "[CP] Check Pods Manifest.lock";
			outputPaths = (
				"$(DERIVED_FILE_DIR)/Pods-AeroGearSdkExample-checkManifestLockResult.txt",
			);
			runOnlyForDeploymentPostprocessing = 0;
			shellPath = /bin/sh;
			shellScript = "diff \"${PODS_PODFILE_DIR_PATH}/Podfile.lock\" \"${PODS_ROOT}/Manifest.lock\" > /dev/null\nif [ $? != 0 ] ; then\n    # print error to STDERR\n    echo \"error: The sandbox is not in sync with the Podfile.lock. Run 'pod install' or update your CocoaPods installation.\" >&2\n    exit 1\nfi\n# This output is used by Xcode 'outputs' to avoid re-running this script phase.\necho \"SUCCESS\" > \"${SCRIPT_OUTPUT_FILE_0}\"\n";
			showEnvVarsInLog = 0;
		};
		D05A36400CC1394A9FD6F463 /* [CP] Check Pods Manifest.lock */ = {
			isa = PBXShellScriptBuildPhase;
			buildActionMask = 2147483647;
			files = (
			);
			inputPaths = (
				"${PODS_PODFILE_DIR_PATH}/Podfile.lock",
				"${PODS_ROOT}/Manifest.lock",
			);
			name = "[CP] Check Pods Manifest.lock";
			outputPaths = (
				"$(DERIVED_FILE_DIR)/Pods-AeroGearSdkExampleTests-checkManifestLockResult.txt",
			);
			runOnlyForDeploymentPostprocessing = 0;
			shellPath = /bin/sh;
			shellScript = "diff \"${PODS_PODFILE_DIR_PATH}/Podfile.lock\" \"${PODS_ROOT}/Manifest.lock\" > /dev/null\nif [ $? != 0 ] ; then\n    # print error to STDERR\n    echo \"error: The sandbox is not in sync with the Podfile.lock. Run 'pod install' or update your CocoaPods installation.\" >&2\n    exit 1\nfi\n# This output is used by Xcode 'outputs' to avoid re-running this script phase.\necho \"SUCCESS\" > \"${SCRIPT_OUTPUT_FILE_0}\"\n";
			showEnvVarsInLog = 0;
		};
		DBB741977125C11688F80EC3 /* [CP] Copy Pods Resources */ = {
			isa = PBXShellScriptBuildPhase;
			buildActionMask = 2147483647;
			files = (
			);
			inputPaths = (
			);
			name = "[CP] Copy Pods Resources";
			outputPaths = (
			);
			runOnlyForDeploymentPostprocessing = 0;
			shellPath = /bin/sh;
			shellScript = "\"${SRCROOT}/Pods/Target Support Files/Pods-AeroGearSdkExampleTests/Pods-AeroGearSdkExampleTests-resources.sh\"\n";
			showEnvVarsInLog = 0;
		};
/* End PBXShellScriptBuildPhase section */

/* Begin PBXSourcesBuildPhase section */
		018FBE4E20123AEE00E763A5 /* Sources */ = {
			isa = PBXSourcesBuildPhase;
			buildActionMask = 2147483647;
			files = (
				B352665220443D52004BACC7 /* RootViewController.swift in Sources */,
				018FBE5820123AEE00E763A5 /* HomeViewController.swift in Sources */,
				018FBE5620123AEE00E763A5 /* AppDelegate.swift in Sources */,
				B352664D204437DE004BACC7 /* BaseViewController.swift in Sources */,
				B352665A2044B1C1004BACC7 /* AuthViewController.swift in Sources */,
				B352664E204437DE004BACC7 /* MenuViewController.swift in Sources */,
				B352665F20455FBC004BACC7 /* ViewHelper.swift in Sources */,
				B352665C2044BBCD004BACC7 /* AuthDetailsViewController.swift in Sources */,
			);
			runOnlyForDeploymentPostprocessing = 0;
		};
		018FBE6220123AEE00E763A5 /* Sources */ = {
			isa = PBXSourcesBuildPhase;
			buildActionMask = 2147483647;
			files = (
				B3AC1A862048184600BEB12B /* OIDCAuthenticatorTest.swift in Sources */,
				EF85064F204D4B5C008033AD /* OIDCCredentialsTest.swift in Sources */,
				B3AC1A89204825EC00BEB12B /* MockHttpRequest.swift in Sources */,
				01928B8A201F202D0053EEB0 /* ConfigParserTests.swift in Sources */,
				B3AC1A8B2049951900BEB12B /* MobileServiceTest.swift in Sources */,
				017F3708201F4014001A9009 /* ServiceConfigTests.swift in Sources */,
				B3AC1A8D2049E11900BEB12B /* UsersTests.swift in Sources */,
				018FBE6B20123AEE00E763A5 /* AeroGearSdkExampleTests.swift in Sources */,
				B3AC1A83204815E000BEB12B /* AuthTests.swift in Sources */,
				EF850651204D6D45008033AD /* CredentialsManagerTest.swift in Sources */,
				659F2EDBD50348EBB799D1EF /* MetricsServiceTests.swift in Sources */,
			);
			runOnlyForDeploymentPostprocessing = 0;
		};
/* End PBXSourcesBuildPhase section */

/* Begin PBXTargetDependency section */
		018FBE6820123AEE00E763A5 /* PBXTargetDependency */ = {
			isa = PBXTargetDependency;
			target = 018FBE5120123AEE00E763A5 /* AeroGearSdkExample */;
			targetProxy = 018FBE6720123AEE00E763A5 /* PBXContainerItemProxy */;
		};
/* End PBXTargetDependency section */

/* Begin PBXVariantGroup section */
		018FBE5920123AEE00E763A5 /* Main.storyboard */ = {
			isa = PBXVariantGroup;
			children = (
				018FBE5A20123AEE00E763A5 /* Base */,
			);
			name = Main.storyboard;
			sourceTree = "<group>";
		};
		018FBE5E20123AEE00E763A5 /* LaunchScreen.storyboard */ = {
			isa = PBXVariantGroup;
			children = (
				018FBE5F20123AEE00E763A5 /* Base */,
			);
			name = LaunchScreen.storyboard;
			sourceTree = "<group>";
		};
/* End PBXVariantGroup section */

/* Begin XCBuildConfiguration section */
		018FBE6D20123AEE00E763A5 /* Debug */ = {
			isa = XCBuildConfiguration;
			buildSettings = {
				ALWAYS_SEARCH_USER_PATHS = NO;
				CLANG_ANALYZER_NONNULL = YES;
				CLANG_ANALYZER_NUMBER_OBJECT_CONVERSION = YES_AGGRESSIVE;
				CLANG_CXX_LANGUAGE_STANDARD = "gnu++14";
				CLANG_CXX_LIBRARY = "libc++";
				CLANG_ENABLE_MODULES = YES;
				CLANG_ENABLE_OBJC_ARC = YES;
				CLANG_WARN_BLOCK_CAPTURE_AUTORELEASING = YES;
				CLANG_WARN_BOOL_CONVERSION = YES;
				CLANG_WARN_COMMA = YES;
				CLANG_WARN_CONSTANT_CONVERSION = YES;
				CLANG_WARN_DIRECT_OBJC_ISA_USAGE = YES_ERROR;
				CLANG_WARN_DOCUMENTATION_COMMENTS = YES;
				CLANG_WARN_EMPTY_BODY = YES;
				CLANG_WARN_ENUM_CONVERSION = YES;
				CLANG_WARN_INFINITE_RECURSION = YES;
				CLANG_WARN_INT_CONVERSION = YES;
				CLANG_WARN_NON_LITERAL_NULL_CONVERSION = YES;
				CLANG_WARN_OBJC_LITERAL_CONVERSION = YES;
				CLANG_WARN_OBJC_ROOT_CLASS = YES_ERROR;
				CLANG_WARN_RANGE_LOOP_ANALYSIS = YES;
				CLANG_WARN_STRICT_PROTOTYPES = YES;
				CLANG_WARN_SUSPICIOUS_MOVE = YES;
				CLANG_WARN_UNGUARDED_AVAILABILITY = YES_AGGRESSIVE;
				CLANG_WARN_UNREACHABLE_CODE = YES;
				CLANG_WARN__DUPLICATE_METHOD_MATCH = YES;
				CODE_SIGN_IDENTITY = "iPhone Developer";
				COPY_PHASE_STRIP = NO;
				DEBUG_INFORMATION_FORMAT = dwarf;
				ENABLE_STRICT_OBJC_MSGSEND = YES;
				ENABLE_TESTABILITY = YES;
				GCC_C_LANGUAGE_STANDARD = gnu11;
				GCC_DYNAMIC_NO_PIC = NO;
				GCC_NO_COMMON_BLOCKS = YES;
				GCC_OPTIMIZATION_LEVEL = 0;
				GCC_PREPROCESSOR_DEFINITIONS = (
					"DEBUG=1",
					"$(inherited)",
				);
				GCC_WARN_64_TO_32_BIT_CONVERSION = YES;
				GCC_WARN_ABOUT_RETURN_TYPE = YES_ERROR;
				GCC_WARN_UNDECLARED_SELECTOR = YES;
				GCC_WARN_UNINITIALIZED_AUTOS = YES_AGGRESSIVE;
				GCC_WARN_UNUSED_FUNCTION = YES;
				GCC_WARN_UNUSED_VARIABLE = YES;
				IPHONEOS_DEPLOYMENT_TARGET = 11.2;
				MTL_ENABLE_DEBUG_INFO = YES;
				ONLY_ACTIVE_ARCH = YES;
				SDKROOT = iphoneos;
				SWIFT_ACTIVE_COMPILATION_CONDITIONS = DEBUG;
				SWIFT_OPTIMIZATION_LEVEL = "-Onone";
			};
			name = Debug;
		};
		018FBE6E20123AEE00E763A5 /* Release */ = {
			isa = XCBuildConfiguration;
			buildSettings = {
				ALWAYS_SEARCH_USER_PATHS = NO;
				CLANG_ANALYZER_NONNULL = YES;
				CLANG_ANALYZER_NUMBER_OBJECT_CONVERSION = YES_AGGRESSIVE;
				CLANG_CXX_LANGUAGE_STANDARD = "gnu++14";
				CLANG_CXX_LIBRARY = "libc++";
				CLANG_ENABLE_MODULES = YES;
				CLANG_ENABLE_OBJC_ARC = YES;
				CLANG_WARN_BLOCK_CAPTURE_AUTORELEASING = YES;
				CLANG_WARN_BOOL_CONVERSION = YES;
				CLANG_WARN_COMMA = YES;
				CLANG_WARN_CONSTANT_CONVERSION = YES;
				CLANG_WARN_DIRECT_OBJC_ISA_USAGE = YES_ERROR;
				CLANG_WARN_DOCUMENTATION_COMMENTS = YES;
				CLANG_WARN_EMPTY_BODY = YES;
				CLANG_WARN_ENUM_CONVERSION = YES;
				CLANG_WARN_INFINITE_RECURSION = YES;
				CLANG_WARN_INT_CONVERSION = YES;
				CLANG_WARN_NON_LITERAL_NULL_CONVERSION = YES;
				CLANG_WARN_OBJC_LITERAL_CONVERSION = YES;
				CLANG_WARN_OBJC_ROOT_CLASS = YES_ERROR;
				CLANG_WARN_RANGE_LOOP_ANALYSIS = YES;
				CLANG_WARN_STRICT_PROTOTYPES = YES;
				CLANG_WARN_SUSPICIOUS_MOVE = YES;
				CLANG_WARN_UNGUARDED_AVAILABILITY = YES_AGGRESSIVE;
				CLANG_WARN_UNREACHABLE_CODE = YES;
				CLANG_WARN__DUPLICATE_METHOD_MATCH = YES;
				CODE_SIGN_IDENTITY = "iPhone Developer";
				COPY_PHASE_STRIP = NO;
				DEBUG_INFORMATION_FORMAT = "dwarf-with-dsym";
				ENABLE_NS_ASSERTIONS = NO;
				ENABLE_STRICT_OBJC_MSGSEND = YES;
				GCC_C_LANGUAGE_STANDARD = gnu11;
				GCC_NO_COMMON_BLOCKS = YES;
				GCC_WARN_64_TO_32_BIT_CONVERSION = YES;
				GCC_WARN_ABOUT_RETURN_TYPE = YES_ERROR;
				GCC_WARN_UNDECLARED_SELECTOR = YES;
				GCC_WARN_UNINITIALIZED_AUTOS = YES_AGGRESSIVE;
				GCC_WARN_UNUSED_FUNCTION = YES;
				GCC_WARN_UNUSED_VARIABLE = YES;
				IPHONEOS_DEPLOYMENT_TARGET = 11.2;
				MTL_ENABLE_DEBUG_INFO = NO;
				SDKROOT = iphoneos;
				SWIFT_OPTIMIZATION_LEVEL = "-Owholemodule";
				VALIDATE_PRODUCT = YES;
			};
			name = Release;
		};
		018FBE7020123AEE00E763A5 /* Debug */ = {
			isa = XCBuildConfiguration;
			baseConfigurationReference = 744F18714F44DAF3A960E045 /* Pods-AeroGearSdkExample.debug.xcconfig */;
			buildSettings = {
				ASSETCATALOG_COMPILER_APPICON_NAME = AppIcon;
				CODE_SIGN_STYLE = Automatic;
				DEVELOPMENT_TEAM = GHPBX39444;
				INFOPLIST_FILE = AeroGearSdkExample/Info.plist;
				IPHONEOS_DEPLOYMENT_TARGET = 11.0;
				LD_RUNPATH_SEARCH_PATHS = "$(inherited) @executable_path/Frameworks";
				PRODUCT_BUNDLE_IDENTIFIER = org.aerogear.AeroGearSdkExample;
				PRODUCT_NAME = "$(TARGET_NAME)";
				SWIFT_VERSION = 4.0;
				TARGETED_DEVICE_FAMILY = "1,2";
			};
			name = Debug;
		};
		018FBE7120123AEE00E763A5 /* Release */ = {
			isa = XCBuildConfiguration;
			baseConfigurationReference = 1E4CCBAD4A8932216C3DF790 /* Pods-AeroGearSdkExample.release.xcconfig */;
			buildSettings = {
				ASSETCATALOG_COMPILER_APPICON_NAME = AppIcon;
				CODE_SIGN_STYLE = Automatic;
				DEVELOPMENT_TEAM = GHPBX39444;
				INFOPLIST_FILE = AeroGearSdkExample/Info.plist;
				IPHONEOS_DEPLOYMENT_TARGET = 11.0;
				LD_RUNPATH_SEARCH_PATHS = "$(inherited) @executable_path/Frameworks";
				PRODUCT_BUNDLE_IDENTIFIER = org.aerogear.AeroGearSdkExample;
				PRODUCT_NAME = "$(TARGET_NAME)";
				SWIFT_VERSION = 4.0;
				TARGETED_DEVICE_FAMILY = "1,2";
			};
			name = Release;
		};
		018FBE7320123AEE00E763A5 /* Debug */ = {
			isa = XCBuildConfiguration;
			baseConfigurationReference = 7FCEF41D5B3610C7EB6FB7CF /* Pods-AeroGearSdkExampleTests.debug.xcconfig */;
			buildSettings = {
				ALWAYS_EMBED_SWIFT_STANDARD_LIBRARIES = YES;
				BUNDLE_LOADER = "$(TEST_HOST)";
				CODE_SIGN_STYLE = Automatic;
				DEVELOPMENT_TEAM = GHPBX39444;
				INFOPLIST_FILE = AeroGearSdkExampleTests/Info.plist;
				LD_RUNPATH_SEARCH_PATHS = "$(inherited) @executable_path/Frameworks @loader_path/Frameworks";
				PRODUCT_BUNDLE_IDENTIFIER = org.aerogear.AeroGearSdkExampleTests;
				PRODUCT_NAME = "$(TARGET_NAME)";
				SWIFT_VERSION = 4.0;
				TARGETED_DEVICE_FAMILY = "1,2";
				TEST_HOST = "$(BUILT_PRODUCTS_DIR)/AeroGearSdkExample.app/AeroGearSdkExample";
			};
			name = Debug;
		};
		018FBE7420123AEE00E763A5 /* Release */ = {
			isa = XCBuildConfiguration;
			baseConfigurationReference = BF3FA3B26CCABCDADAC6AB94 /* Pods-AeroGearSdkExampleTests.release.xcconfig */;
			buildSettings = {
				ALWAYS_EMBED_SWIFT_STANDARD_LIBRARIES = YES;
				BUNDLE_LOADER = "$(TEST_HOST)";
				CODE_SIGN_STYLE = Automatic;
				DEVELOPMENT_TEAM = GHPBX39444;
				INFOPLIST_FILE = AeroGearSdkExampleTests/Info.plist;
				LD_RUNPATH_SEARCH_PATHS = "$(inherited) @executable_path/Frameworks @loader_path/Frameworks";
				PRODUCT_BUNDLE_IDENTIFIER = org.aerogear.AeroGearSdkExampleTests;
				PRODUCT_NAME = "$(TARGET_NAME)";
				SWIFT_VERSION = 4.0;
				TARGETED_DEVICE_FAMILY = "1,2";
				TEST_HOST = "$(BUILT_PRODUCTS_DIR)/AeroGearSdkExample.app/AeroGearSdkExample";
			};
			name = Release;
		};
/* End XCBuildConfiguration section */

/* Begin XCConfigurationList section */
		018FBE4D20123AEE00E763A5 /* Build configuration list for PBXProject "AeroGearSdkExample" */ = {
			isa = XCConfigurationList;
			buildConfigurations = (
				018FBE6D20123AEE00E763A5 /* Debug */,
				018FBE6E20123AEE00E763A5 /* Release */,
			);
			defaultConfigurationIsVisible = 0;
			defaultConfigurationName = Release;
		};
		018FBE6F20123AEE00E763A5 /* Build configuration list for PBXNativeTarget "AeroGearSdkExample" */ = {
			isa = XCConfigurationList;
			buildConfigurations = (
				018FBE7020123AEE00E763A5 /* Debug */,
				018FBE7120123AEE00E763A5 /* Release */,
			);
			defaultConfigurationIsVisible = 0;
			defaultConfigurationName = Release;
		};
		018FBE7220123AEE00E763A5 /* Build configuration list for PBXNativeTarget "AeroGearSdkExampleTests" */ = {
			isa = XCConfigurationList;
			buildConfigurations = (
				018FBE7320123AEE00E763A5 /* Debug */,
				018FBE7420123AEE00E763A5 /* Release */,
			);
			defaultConfigurationIsVisible = 0;
			defaultConfigurationName = Release;
		};
/* End XCConfigurationList section */
	};
	rootObject = 018FBE4A20123AEE00E763A5 /* Project object */;
}
